{
  "name": "to-typed-array",
  "version": "0.0.0",
  "lockfileVersion": 1,
  "requires": true,
  "dependencies": {
    "@extra-number/significant-digits": {
      "version": "2.0.26",
      "resolved": "https://registry.npmjs.org/@extra-number/significant-digits/-/significant-digits-2.0.26.tgz",
      "integrity": "sha512-5D7UQkJNZ61B2iNU5CTA+59cjueQP0vtOasGuxW4bl8yRsjpEAIxqOTtatAt5VrM4dK05+q1QKaYnRieUGyDzQ=="
    },
    "choose-typed-array": {
      "version": "0.0.1",
      "resolved": "https://registry.npmjs.org/choose-typed-array/-/choose-typed-array-0.0.1.tgz",
      "integrity": "sha512-7YMFqGRNVemeb7mCv4/1k3AaKI/rEuimSM/YnwnYJbsG6h8NA4etBGWCkiI14pznEBdpTiVzgN28Y7+oDYnglw=="
    }
  }
}
